
Microsoft Visual Studio Solution File, Format Version 12.00
# Visual Studio Version 17
VisualStudioVersion = 17.14.36414.22 d17.14
MinimumVisualStudioVersion = 10.0.40219.1
Project("{FAE04EC0-301F-11D3-BF4B-00C04F79EFBC}") = "SoftIV_Clases17-19", "SoftIV_Clases17-19.csproj", "{E927702D-4B74-47D1-9918-57A9CC7F5398}"
EndProject
Global
	GlobalSection(SolutionConfigurationPlatforms) = preSolution
		Debug|Any CPU = Debug|Any CPU
		Release|Any CPU = Release|Any CPU
	EndGlobalSection
	GlobalSection(ProjectConfigurationPlatforms) = postSolution
		{E927702D-4B74-47D1-9918-57A9CC7F5398}.Debug|Any CPU.ActiveCfg = Debug|Any CPU
		{E927702D-4B74-47D1-9918-57A9CC7F5398}.Debug|Any CPU.Build.0 = Debug|Any CPU
		{E927702D-4B74-47D1-9918-57A9CC7F5398}.Release|Any CPU.ActiveCfg = Release|Any CPU
		{E927702D-4B74-47D1-9918-57A9CC7F5398}.Release|Any CPU.Build.0 = Release|Any CPU
	EndGlobalSection
	GlobalSection(SolutionProperties) = preSolution
		HideSolutionNode = FALSE
	EndGlobalSection
	GlobalSection(ExtensibilityGlobals) = postSolution
		SolutionGuid = {90D8AADE-B49A-40B2-A29C-C5FDD7EA0ABD}
	EndGlobalSection
EndGlobal
